
Microsoft Visual Studio Solution File, Format Version 12.00
# Visual Studio Version 16
VisualStudioVersion = 16.0.30907.101
MinimumVisualStudioVersion = 10.0.40219.1
Project("{9A19103F-16F7-4668-BE54-9A1E7A4F7556}") = "DocumentService", "DocumentService\DocumentService.csproj", "{6E532BF0-B55F-45A6-98B5-56E306830EC4}"
EndProject
Project("{FAE04EC0-301F-11D3-BF4B-00C04F79EFBC}") = "WebApplication1", "WebApplication1\WebApplication1.csproj", "{46ECE64E-7A77-4D7A-8E54-6E74BAA89B2C}"
EndProject
Global
	GlobalSection(SolutionConfigurationPlatforms) = preSolution
		Debug|Any CPU = Debug|Any CPU
		Release|Any CPU = Release|Any CPU
	EndGlobalSection
	GlobalSection(ProjectConfigurationPlatforms) = postSolution
		{6E532BF0-B55F-45A6-98B5-56E306830EC4}.Debug|Any CPU.ActiveCfg = Debug|Any CPU
		{6E532BF0-B55F-45A6-98B5-56E306830EC4}.Debug|Any CPU.Build.0 = Debug|Any CPU
		{6E532BF0-B55F-45A6-98B5-56E306830EC4}.Release|Any CPU.ActiveCfg = Release|Any CPU
		{6E532BF0-B55F-45A6-98B5-56E306830EC4}.Release|Any CPU.Build.0 = Release|Any CPU
		{46ECE64E-7A77-4D7A-8E54-6E74BAA89B2C}.Debug|Any CPU.ActiveCfg = Debug|Any CPU
		{46ECE64E-7A77-4D7A-8E54-6E74BAA89B2C}.Debug|Any CPU.Build.0 = Debug|Any CPU
		{46ECE64E-7A77-4D7A-8E54-6E74BAA89B2C}.Release|Any CPU.ActiveCfg = Release|Any CPU
		{46ECE64E-7A77-4D7A-8E54-6E74BAA89B2C}.Release|Any CPU.Build.0 = Release|Any CPU
	EndGlobalSection
	GlobalSection(SolutionProperties) = preSolution
		HideSolutionNode = FALSE
	EndGlobalSection
	GlobalSection(ExtensibilityGlobals) = postSolution
		SolutionGuid = {0E1F4844-EFB0-4AD8-BA60-1FA74004436A}
	EndGlobalSection
EndGlobal
